
Microsoft Visual Studio Solution File, Format Version 12.00
# Visual Studio 15
VisualStudioVersion = 15.0.27004.2008
MinimumVisualStudioVersion = 10.0.40219.1
Project("{9A19103F-16F7-4668-BE54-9A1E7A4F7556}") = "TestMethods", "MethodsTracer\TestMethods.csproj", "{8947EFF0-7487-4DA1-B8FB-476C6ED70157}"
EndProject
Project("{9A19103F-16F7-4668-BE54-9A1E7A4F7556}") = "MethodsTracer", "..\Tracer\MethodsTracer.csproj", "{4038316F-BA8F-4DFE-8984-4753991751D6}"
EndProject
Project("{9A19103F-16F7-4668-BE54-9A1E7A4F7556}") = "XmlFormatter", "XmlFormatter\XmlFormatter.csproj", "{93B4D3A4-6B2B-4A48-B7A4-A1C2F8A543DE}"
EndProject
Project("{FAE04EC0-301F-11D3-BF4B-00C04F79EFBC}") = "JsonFormatter", "JsonFormatter\JsonFormatter.csproj", "{40F188EC-5332-4CE5-8A7A-93E86B821A41}"
EndProject
Global
	GlobalSection(SolutionConfigurationPlatforms) = preSolution
		Debug|Any CPU = Debug|Any CPU
		Release|Any CPU = Release|Any CPU
	EndGlobalSection
	GlobalSection(ProjectConfigurationPlatforms) = postSolution
		{8947EFF0-7487-4DA1-B8FB-476C6ED70157}.Debug|Any CPU.ActiveCfg = Debug|Any CPU
		{8947EFF0-7487-4DA1-B8FB-476C6ED70157}.Debug|Any CPU.Build.0 = Debug|Any CPU
		{8947EFF0-7487-4DA1-B8FB-476C6ED70157}.Release|Any CPU.ActiveCfg = Release|Any CPU
		{8947EFF0-7487-4DA1-B8FB-476C6ED70157}.Release|Any CPU.Build.0 = Release|Any CPU
		{4038316F-BA8F-4DFE-8984-4753991751D6}.Debug|Any CPU.ActiveCfg = Debug|Any CPU
		{4038316F-BA8F-4DFE-8984-4753991751D6}.Debug|Any CPU.Build.0 = Debug|Any CPU
		{4038316F-BA8F-4DFE-8984-4753991751D6}.Release|Any CPU.ActiveCfg = Release|Any CPU
		{4038316F-BA8F-4DFE-8984-4753991751D6}.Release|Any CPU.Build.0 = Release|Any CPU
		{93B4D3A4-6B2B-4A48-B7A4-A1C2F8A543DE}.Debug|Any CPU.ActiveCfg = Debug|Any CPU
		{93B4D3A4-6B2B-4A48-B7A4-A1C2F8A543DE}.Debug|Any CPU.Build.0 = Debug|Any CPU
		{93B4D3A4-6B2B-4A48-B7A4-A1C2F8A543DE}.Release|Any CPU.ActiveCfg = Release|Any CPU
		{93B4D3A4-6B2B-4A48-B7A4-A1C2F8A543DE}.Release|Any CPU.Build.0 = Release|Any CPU
		{40F188EC-5332-4CE5-8A7A-93E86B821A41}.Debug|Any CPU.ActiveCfg = Debug|Any CPU
		{40F188EC-5332-4CE5-8A7A-93E86B821A41}.Debug|Any CPU.Build.0 = Debug|Any CPU
		{40F188EC-5332-4CE5-8A7A-93E86B821A41}.Release|Any CPU.ActiveCfg = Release|Any CPU
		{40F188EC-5332-4CE5-8A7A-93E86B821A41}.Release|Any CPU.Build.0 = Release|Any CPU
	EndGlobalSection
	GlobalSection(SolutionProperties) = preSolution
		HideSolutionNode = FALSE
	EndGlobalSection
	GlobalSection(ExtensibilityGlobals) = postSolution
		SolutionGuid = {DBD2B75F-2112-43AA-9B23-1256D935C73A}
	EndGlobalSection
EndGlobal
